{
  "name": "rest-rant",
  "version": "1.0.0",
  "lockfileVersion": 2,
  "requires": true,
  "packages": {
    "": {
      "name": "rest-rant",
      "version": "1.0.0",
      "license": "ISC",
      "dependencies": {
        "espress": "^0.0.0"
      }
    },
    "node_modules/espress": {
      "version": "0.0.0",
      "resolved": "https://registry.npmjs.org/espress/-/espress-0.0.0.tgz",
      "integrity": "sha1-a+PG07/wvW+3u2w9VXJDucKiL2k="
    }
  },
  "dependencies": {
    "espress": {
      "version": "0.0.0",
      "resolved": "https://registry.npmjs.org/espress/-/espress-0.0.0.tgz",
      "integrity": "sha1-a+PG07/wvW+3u2w9VXJDucKiL2k="
    }
  }
}
